
Microsoft Visual Studio Solution File, Format Version 12.00
# Visual Studio 14
VisualStudioVersion = 14.0.24720.0
MinimumVisualStudioVersion = 10.0.40219.1
Project("{FAE04EC0-301F-11D3-BF4B-00C04F79EFBC}") = "DevelopmentTest", "DevelopmentTest\DevelopmentTest.csproj", "{9119342F-C255-494E-A54D-54F4BC8F417A}"
EndProject
Project("{FAE04EC0-301F-11D3-BF4B-00C04F79EFBC}") = "Resources", "Resources\Resources.csproj", "{71523B43-13A7-4B4C-8B19-338DC3AFE1B2}"
EndProject
Project("{FAE04EC0-301F-11D3-BF4B-00C04F79EFBC}") = "Spreadsheet", "Spreadsheet\Spreadsheet.csproj", "{8449DAF6-5F73-4CB1-AA64-9481BDD3F75E}"
EndProject
Project("{FAE04EC0-301F-11D3-BF4B-00C04F79EFBC}") = "SpreadsheetGUI", "SpreadsheetGUI\SpreadsheetGUI.csproj", "{DDC3EEF2-0DA4-4CC3-B212-9E722FD189EA}"
EndProject
Project("{FAE04EC0-301F-11D3-BF4B-00C04F79EFBC}") = "ChatClient", "clientNetworkController\clientNetworkController\ChatClient\ChatClient.csproj", "{19C2D9F1-DD62-4161-9360-E1A674600CA9}"
EndProject
Global
	GlobalSection(SolutionConfigurationPlatforms) = preSolution
		Debug|Any CPU = Debug|Any CPU
		Release|Any CPU = Release|Any CPU
	EndGlobalSection
	GlobalSection(ProjectConfigurationPlatforms) = postSolution
		{9119342F-C255-494E-A54D-54F4BC8F417A}.Debug|Any CPU.ActiveCfg = Debug|Any CPU
		{9119342F-C255-494E-A54D-54F4BC8F417A}.Debug|Any CPU.Build.0 = Debug|Any CPU
		{9119342F-C255-494E-A54D-54F4BC8F417A}.Release|Any CPU.ActiveCfg = Release|Any CPU
		{9119342F-C255-494E-A54D-54F4BC8F417A}.Release|Any CPU.Build.0 = Release|Any CPU
		{71523B43-13A7-4B4C-8B19-338DC3AFE1B2}.Debug|Any CPU.ActiveCfg = Debug|Any CPU
		{71523B43-13A7-4B4C-8B19-338DC3AFE1B2}.Debug|Any CPU.Build.0 = Debug|Any CPU
		{71523B43-13A7-4B4C-8B19-338DC3AFE1B2}.Release|Any CPU.ActiveCfg = Release|Any CPU
		{71523B43-13A7-4B4C-8B19-338DC3AFE1B2}.Release|Any CPU.Build.0 = Release|Any CPU
		{8449DAF6-5F73-4CB1-AA64-9481BDD3F75E}.Debug|Any CPU.ActiveCfg = Debug|Any CPU
		{8449DAF6-5F73-4CB1-AA64-9481BDD3F75E}.Debug|Any CPU.Build.0 = Debug|Any CPU
		{8449DAF6-5F73-4CB1-AA64-9481BDD3F75E}.Release|Any CPU.ActiveCfg = Release|Any CPU
		{8449DAF6-5F73-4CB1-AA64-9481BDD3F75E}.Release|Any CPU.Build.0 = Release|Any CPU
		{DDC3EEF2-0DA4-4CC3-B212-9E722FD189EA}.Debug|Any CPU.ActiveCfg = Debug|Any CPU
		{DDC3EEF2-0DA4-4CC3-B212-9E722FD189EA}.Debug|Any CPU.Build.0 = Debug|Any CPU
		{DDC3EEF2-0DA4-4CC3-B212-9E722FD189EA}.Release|Any CPU.ActiveCfg = Release|Any CPU
		{DDC3EEF2-0DA4-4CC3-B212-9E722FD189EA}.Release|Any CPU.Build.0 = Release|Any CPU
		{19C2D9F1-DD62-4161-9360-E1A674600CA9}.Debug|Any CPU.ActiveCfg = Debug|Any CPU
		{19C2D9F1-DD62-4161-9360-E1A674600CA9}.Debug|Any CPU.Build.0 = Debug|Any CPU
		{19C2D9F1-DD62-4161-9360-E1A674600CA9}.Release|Any CPU.ActiveCfg = Release|Any CPU
		{19C2D9F1-DD62-4161-9360-E1A674600CA9}.Release|Any CPU.Build.0 = Release|Any CPU
	EndGlobalSection
	GlobalSection(SolutionProperties) = preSolution
		HideSolutionNode = FALSE
	EndGlobalSection
EndGlobal
